
Microsoft Visual Studio Solution File, Format Version 12.00
Project("{FAE04EC0-301F-11D3-BF4B-00C04F79EFBC}") = "JSharp", "JSharp\JSharp.csproj", "{68FE1BF0-5D4F-4AAA-AA52-961654E6C1E4}"
EndProject
Project("{FAE04EC0-301F-11D3-BF4B-00C04F79EFBC}") = "JSharp.Example", "JSharp.Example\JSharp.Example.csproj", "{D40557EF-708B-4D92-B8DA-28B85B75E2E2}"
EndProject
Global
	GlobalSection(SolutionConfigurationPlatforms) = preSolution
		Debug|Any CPU = Debug|Any CPU
		Release|Any CPU = Release|Any CPU
	EndGlobalSection
	GlobalSection(ProjectConfigurationPlatforms) = postSolution
		{68FE1BF0-5D4F-4AAA-AA52-961654E6C1E4}.Debug|Any CPU.ActiveCfg = Debug|Any CPU
		{68FE1BF0-5D4F-4AAA-AA52-961654E6C1E4}.Debug|Any CPU.Build.0 = Debug|Any CPU
		{68FE1BF0-5D4F-4AAA-AA52-961654E6C1E4}.Release|Any CPU.ActiveCfg = Release|Any CPU
		{68FE1BF0-5D4F-4AAA-AA52-961654E6C1E4}.Release|Any CPU.Build.0 = Release|Any CPU
		{D40557EF-708B-4D92-B8DA-28B85B75E2E2}.Debug|Any CPU.ActiveCfg = Debug|Any CPU
		{D40557EF-708B-4D92-B8DA-28B85B75E2E2}.Debug|Any CPU.Build.0 = Debug|Any CPU
		{D40557EF-708B-4D92-B8DA-28B85B75E2E2}.Release|Any CPU.ActiveCfg = Release|Any CPU
		{D40557EF-708B-4D92-B8DA-28B85B75E2E2}.Release|Any CPU.Build.0 = Release|Any CPU
	EndGlobalSection
EndGlobal
